
Microsoft Visual Studio Solution File, Format Version 12.00
# Visual Studio Express 2012 for Windows Desktop
Project("{F184B08F-C81C-45F6-A57F-5ABD9991F28F}") = "Paper Mario SS Save Editor", "Paper Mario SS Save Editor\Paper Mario SS Save Editor.vbproj", "{E070A5C2-0466-4712-8113-780D67D2B80C}"
EndProject
Global
	GlobalSection(SolutionConfigurationPlatforms) = preSolution
		Debug|Any CPU = Debug|Any CPU
		Release|Any CPU = Release|Any CPU
	EndGlobalSection
	GlobalSection(ProjectConfigurationPlatforms) = postSolution
		{E070A5C2-0466-4712-8113-780D67D2B80C}.Debug|Any CPU.ActiveCfg = Debug|Any CPU
		{E070A5C2-0466-4712-8113-780D67D2B80C}.Debug|Any CPU.Build.0 = Debug|Any CPU
		{E070A5C2-0466-4712-8113-780D67D2B80C}.Release|Any CPU.ActiveCfg = Release|Any CPU
		{E070A5C2-0466-4712-8113-780D67D2B80C}.Release|Any CPU.Build.0 = Release|Any CPU
	EndGlobalSection
	GlobalSection(SolutionProperties) = preSolution
		HideSolutionNode = FALSE
	EndGlobalSection
EndGlobal
